
Microsoft Visual Studio Solution File, Format Version 12.00
# Visual Studio Version 16
VisualStudioVersion = 16.0.31515.178
MinimumVisualStudioVersion = 10.0.40219.1
Project("{FAE04EC0-301F-11D3-BF4B-00C04F79EFBC}") = "KubeClient", "KubeClient.csproj", "{CE350BD0-E370-495E-8E6E-84AE3598EABE}"
EndProject
Global
	GlobalSection(SolutionConfigurationPlatforms) = preSolution
		Debug|Any CPU = Debug|Any CPU
		Release|Any CPU = Release|Any CPU
	EndGlobalSection
	GlobalSection(ProjectConfigurationPlatforms) = postSolution
		{CE350BD0-E370-495E-8E6E-84AE3598EABE}.Debug|Any CPU.ActiveCfg = Debug|Any CPU
		{CE350BD0-E370-495E-8E6E-84AE3598EABE}.Debug|Any CPU.Build.0 = Debug|Any CPU
		{CE350BD0-E370-495E-8E6E-84AE3598EABE}.Release|Any CPU.ActiveCfg = Release|Any CPU
		{CE350BD0-E370-495E-8E6E-84AE3598EABE}.Release|Any CPU.Build.0 = Release|Any CPU
	EndGlobalSection
	GlobalSection(SolutionProperties) = preSolution
		HideSolutionNode = FALSE
	EndGlobalSection
	GlobalSection(ExtensibilityGlobals) = postSolution
		SolutionGuid = {78B4C68F-085E-4E80-ADBE-3EF36C2457D3}
	EndGlobalSection
EndGlobal
